// !$*UTF8*$!
{
	archiveVersion = 1;
	classes = {
	};
	objectVersion = 56;
	objects = {

/* Begin PBXBuildFile section */
		B716649B292670E6000D1422 /* AppDelegate.swift in Sources */ = {isa = PBXBuildFile; fileRef = B716649A292670E6000D1422 /* AppDelegate.swift */; };
		B716649D292670E6000D1422 /* SceneDelegate.swift in Sources */ = {isa = PBXBuildFile; fileRef = B716649C292670E6000D1422 /* SceneDelegate.swift */; };
		B716649F292670E6000D1422 /* MatchesVC.swift in Sources */ = {isa = PBXBuildFile; fileRef = B716649E292670E6000D1422 /* MatchesVC.swift */; };
		B71664A2292670E6000D1422 /* Main.storyboard in Resources */ = {isa = PBXBuildFile; fileRef = B71664A0292670E6000D1422 /* Main.storyboard */; };
		B71664A4292670E7000D1422 /* Assets.xcassets in Resources */ = {isa = PBXBuildFile; fileRef = B71664A3292670E7000D1422 /* Assets.xcassets */; };
		B71664A7292670E7000D1422 /* LaunchScreen.storyboard in Resources */ = {isa = PBXBuildFile; fileRef = B71664A5292670E7000D1422 /* LaunchScreen.storyboard */; };
		B71664B629267367000D1422 /* MatchesTableViewCell.swift in Sources */ = {isa = PBXBuildFile; fileRef = B71664B529267367000D1422 /* MatchesTableViewCell.swift */; };
		B71664B9292674DD000D1422 /* Webservice.swift in Sources */ = {isa = PBXBuildFile; fileRef = B71664B8292674DD000D1422 /* Webservice.swift */; };
		B71664BC29267510000D1422 /* MatchesModel.swift in Sources */ = {isa = PBXBuildFile; fileRef = B71664BB29267510000D1422 /* MatchesModel.swift */; };
		B71664BE29267623000D1422 /* MatchesViewModel.swift in Sources */ = {isa = PBXBuildFile; fileRef = B71664BD29267623000D1422 /* MatchesViewModel.swift */; };
		B71664C1292677DA000D1422 /* UIViewController+Extensions.swift in Sources */ = {isa = PBXBuildFile; fileRef = B71664C0292677DA000D1422 /* UIViewController+Extensions.swift */; };
		B71664C4292681C7000D1422 /* ClubsViewController.swift in Sources */ = {isa = PBXBuildFile; fileRef = B71664C3292681C7000D1422 /* ClubsViewController.swift */; };
		B71664C7292682F2000D1422 /* ClubsModel.swift in Sources */ = {isa = PBXBuildFile; fileRef = B71664C6292682F2000D1422 /* ClubsModel.swift */; };
		B71664C9292683ED000D1422 /* ClubsTableViewCell.swift in Sources */ = {isa = PBXBuildFile; fileRef = B71664C8292683ED000D1422 /* ClubsTableViewCell.swift */; };
		B71664CB29268437000D1422 /* ClubsViewModel.swift in Sources */ = {isa = PBXBuildFile; fileRef = B71664CA29268437000D1422 /* ClubsViewModel.swift */; };
		B71664CD29268FB1000D1422 /* Array+Extension.swift in Sources */ = {isa = PBXBuildFile; fileRef = B71664CC29268FB1000D1422 /* Array+Extension.swift */; };
		B71664D0292696C9000D1422 /* FixturesVC.swift in Sources */ = {isa = PBXBuildFile; fileRef = B71664CF292696C9000D1422 /* FixturesVC.swift */; };
		B71664D22926978B000D1422 /* FixturesViewModel.swift in Sources */ = {isa = PBXBuildFile; fileRef = B71664D12926978B000D1422 /* FixturesViewModel.swift */; };
		B71664D429269A7C000D1422 /* FixturesTableViewCell.swift in Sources */ = {isa = PBXBuildFile; fileRef = B71664D329269A7C000D1422 /* FixturesTableViewCell.swift */; };
/* End PBXBuildFile section */

/* Begin PBXFileReference section */
		B7166497292670E6000D1422 /* SuperLigApp.app */ = {isa = PBXFileReference; explicitFileType = wrapper.application; includeInIndex = 0; path = SuperLigApp.app; sourceTree = BUILT_PRODUCTS_DIR; };
		B716649A292670E6000D1422 /* AppDelegate.swift */ = {isa = PBXFileReference; lastKnownFileType = sourcecode.swift; path = AppDelegate.swift; sourceTree = "<group>"; };
		B716649C292670E6000D1422 /* SceneDelegate.swift */ = {isa = PBXFileReference; lastKnownFileType = sourcecode.swift; path = SceneDelegate.swift; sourceTree = "<group>"; };
		B716649E292670E6000D1422 /* MatchesVC.swift */ = {isa = PBXFileReference; lastKnownFileType = sourcecode.swift; path = MatchesVC.swift; sourceTree = "<group>"; };
		B71664A1292670E6000D1422 /* Base */ = {isa = PBXFileReference; lastKnownFileType = file.storyboard; name = Base; path = Base.lproj/Main.storyboard; sourceTree = "<group>"; };
		B71664A3292670E7000D1422 /* Assets.xcassets */ = {isa = PBXFileReference; lastKnownFileType = folder.assetcatalog; path = Assets.xcassets; sourceTree = "<group>"; };
		B71664A6292670E7000D1422 /* Base */ = {isa = PBXFileReference; lastKnownFileType = file.storyboard; name = Base; path = Base.lproj/LaunchScreen.storyboard; sourceTree = "<group>"; };
		B71664A8292670E7000D1422 /* Info.plist */ = {isa = PBXFileReference; lastKnownFileType = text.plist.xml; path = Info.plist; sourceTree = "<group>"; };
		B71664B529267367000D1422 /* MatchesTableViewCell.swift */ = {isa = PBXFileReference; lastKnownFileType = sourcecode.swift; path = MatchesTableViewCell.swift; sourceTree = "<group>"; };
		B71664B8292674DD000D1422 /* Webservice.swift */ = {isa = PBXFileReference; lastKnownFileType = sourcecode.swift; path = Webservice.swift; sourceTree = "<group>"; };
		B71664BB29267510000D1422 /* MatchesModel.swift */ = {isa = PBXFileReference; lastKnownFileType = sourcecode.swift; path = MatchesModel.swift; sourceTree = "<group>"; };
		B71664BD29267623000D1422 /* MatchesViewModel.swift */ = {isa = PBXFileReference; lastKnownFileType = sourcecode.swift; path = MatchesViewModel.swift; sourceTree = "<group>"; };
		B71664C0292677DA000D1422 /* UIViewController+Extensions.swift */ = {isa = PBXFileReference; lastKnownFileType = sourcecode.swift; path = "UIViewController+Extensions.swift"; sourceTree = "<group>"; };
		B71664C3292681C7000D1422 /* ClubsViewController.swift */ = {isa = PBXFileReference; lastKnownFileType = sourcecode.swift; path = ClubsViewController.swift; sourceTree = "<group>"; };
		B71664C6292682F2000D1422 /* ClubsModel.swift */ = {isa = PBXFileReference; lastKnownFileType = sourcecode.swift; path = ClubsModel.swift; sourceTree = "<group>"; };
		B71664C8292683ED000D1422 /* ClubsTableViewCell.swift */ = {isa = PBXFileReference; lastKnownFileType = sourcecode.swift; path = ClubsTableViewCell.swift; sourceTree = "<group>"; };
		B71664CA29268437000D1422 /* ClubsViewModel.swift */ = {isa = PBXFileReference; lastKnownFileType = sourcecode.swift; path = ClubsViewModel.swift; sourceTree = "<group>"; };
		B71664CC29268FB1000D1422 /* Array+Extension.swift */ = {isa = PBXFileReference; lastKnownFileType = sourcecode.swift; path = "Array+Extension.swift"; sourceTree = "<group>"; };
		B71664CF292696C9000D1422 /* FixturesVC.swift */ = {isa = PBXFileReference; lastKnownFileType = sourcecode.swift; path = FixturesVC.swift; sourceTree = "<group>"; };
		B71664D12926978B000D1422 /* FixturesViewModel.swift */ = {isa = PBXFileReference; lastKnownFileType = sourcecode.swift; path = FixturesViewModel.swift; sourceTree = "<group>"; };
		B71664D329269A7C000D1422 /* FixturesTableViewCell.swift */ = {isa = PBXFileReference; lastKnownFileType = sourcecode.swift; path = FixturesTableViewCell.swift; sourceTree = "<group>"; };
/* End PBXFileReference section */

/* Begin PBXFrameworksBuildPhase section */
		B7166494292670E6000D1422 /* Frameworks */ = {
			isa = PBXFrameworksBuildPhase;
			buildActionMask = 2147483647;
			files = (
			);
			runOnlyForDeploymentPostprocessing = 0;
		};
/* End PBXFrameworksBuildPhase section */

/* Begin PBXGroup section */
		B716648E292670E6000D1422 = {
			isa = PBXGroup;
			children = (
				B7166499292670E6000D1422 /* SuperLigApp */,
				B7166498292670E6000D1422 /* Products */,
			);
			sourceTree = "<group>";
		};
		B7166498292670E6000D1422 /* Products */ = {
			isa = PBXGroup;
			children = (
				B7166497292670E6000D1422 /* SuperLigApp.app */,
			);
			name = Products;
			sourceTree = "<group>";
		};
		B7166499292670E6000D1422 /* SuperLigApp */ = {
			isa = PBXGroup;
			children = (
				B71664BF292677C2000D1422 /* Extensions */,
				B71664BA29267502000D1422 /* Model */,
				B71664B729267468000D1422 /* Webservice */,
				B71664B1292671CE000D1422 /* Assets */,
				B71664B0292671C6000D1422 /* App */,
				B71664AE292671AB000D1422 /* UI */,
				B71664A8292670E7000D1422 /* Info.plist */,
			);
			path = SuperLigApp;
			sourceTree = "<group>";
		};
		B71664AE292671AB000D1422 /* UI */ = {
			isa = PBXGroup;
			children = (
				B71664AF292671BB000D1422 /* ViewControllers */,
				B71664A0292670E6000D1422 /* Main.storyboard */,
				B71664A5292670E7000D1422 /* LaunchScreen.storyboard */,
			);
			path = UI;
			sourceTree = "<group>";
		};
		B71664AF292671BB000D1422 /* ViewControllers */ = {
			isa = PBXGroup;
			children = (
				B71664CE292696B8000D1422 /* Fixtures */,
				B71664C2292681AA000D1422 /* Clubs */,
				B71664B229267331000D1422 /* Matches */,
			);
			path = ViewControllers;
			sourceTree = "<group>";
		};
		B71664B0292671C6000D1422 /* App */ = {
			isa = PBXGroup;
			children = (
				B716649A292670E6000D1422 /* AppDelegate.swift */,
				B716649C292670E6000D1422 /* SceneDelegate.swift */,
			);
			path = App;
			sourceTree = "<group>";
		};
		B71664B1292671CE000D1422 /* Assets */ = {
			isa = PBXGroup;
			children = (
				B71664A3292670E7000D1422 /* Assets.xcassets */,
			);
			path = Assets;
			sourceTree = "<group>";
		};
		B71664B229267331000D1422 /* Matches */ = {
			isa = PBXGroup;
			children = (
				B716649E292670E6000D1422 /* MatchesVC.swift */,
				B71664BD29267623000D1422 /* MatchesViewModel.swift */,
				B71664B529267367000D1422 /* MatchesTableViewCell.swift */,
			);
			path = Matches;
			sourceTree = "<group>";
		};
		B71664B729267468000D1422 /* Webservice */ = {
			isa = PBXGroup;
			children = (
				B71664B8292674DD000D1422 /* Webservice.swift */,
			);
			path = Webservice;
			sourceTree = "<group>";
		};
		B71664BA29267502000D1422 /* Model */ = {
			isa = PBXGroup;
			children = (
				B71664BB29267510000D1422 /* MatchesModel.swift */,
				B71664C6292682F2000D1422 /* ClubsModel.swift */,
			);
			path = Model;
			sourceTree = "<group>";
		};
		B71664BF292677C2000D1422 /* Extensions */ = {
			isa = PBXGroup;
			children = (
				B71664C0292677DA000D1422 /* UIViewController+Extensions.swift */,
				B71664CC29268FB1000D1422 /* Array+Extension.swift */,
			);
			path = Extensions;
			sourceTree = "<group>";
		};
		B71664C2292681AA000D1422 /* Clubs */ = {
			isa = PBXGroup;
			children = (
				B71664C3292681C7000D1422 /* ClubsViewController.swift */,
				B71664C8292683ED000D1422 /* ClubsTableViewCell.swift */,
				B71664CA29268437000D1422 /* ClubsViewModel.swift */,
			);
			path = Clubs;
			sourceTree = "<group>";
		};
		B71664CE292696B8000D1422 /* Fixtures */ = {
			isa = PBXGroup;
			children = (
				B71664CF292696C9000D1422 /* FixturesVC.swift */,
				B71664D12926978B000D1422 /* FixturesViewModel.swift */,
				B71664D329269A7C000D1422 /* FixturesTableViewCell.swift */,
			);
			path = Fixtures;
			sourceTree = "<group>";
		};
/* End PBXGroup section */

/* Begin PBXNativeTarget section */
		B7166496292670E6000D1422 /* SuperLigApp */ = {
			isa = PBXNativeTarget;
			buildConfigurationList = B71664AB292670E7000D1422 /* Build configuration list for PBXNativeTarget "SuperLigApp" */;
			buildPhases = (
				B7166493292670E6000D1422 /* Sources */,
				B7166494292670E6000D1422 /* Frameworks */,
				B7166495292670E6000D1422 /* Resources */,
			);
			buildRules = (
			);
			dependencies = (
			);
			name = SuperLigApp;
			productName = SuperLigApp;
			productReference = B7166497292670E6000D1422 /* SuperLigApp.app */;
			productType = "com.apple.product-type.application";
		};
/* End PBXNativeTarget section */

/* Begin PBXProject section */
		B716648F292670E6000D1422 /* Project object */ = {
			isa = PBXProject;
			attributes = {
				BuildIndependentTargetsInParallel = 1;
				LastSwiftUpdateCheck = 1400;
				LastUpgradeCheck = 1400;
				TargetAttributes = {
					B7166496292670E6000D1422 = {
						CreatedOnToolsVersion = 14.0;
					};
				};
			};
			buildConfigurationList = B7166492292670E6000D1422 /* Build configuration list for PBXProject "SuperLigApp" */;
			compatibilityVersion = "Xcode 14.0";
			developmentRegion = en;
			hasScannedForEncodings = 0;
			knownRegions = (
				en,
				Base,
			);
			mainGroup = B716648E292670E6000D1422;
			productRefGroup = B7166498292670E6000D1422 /* Products */;
			projectDirPath = "";
			projectRoot = "";
			targets = (
				B7166496292670E6000D1422 /* SuperLigApp */,
			);
		};
/* End PBXProject section */

/* Begin PBXResourcesBuildPhase section */
		B7166495292670E6000D1422 /* Resources */ = {
			isa = PBXResourcesBuildPhase;
			buildActionMask = 2147483647;
			files = (
				B71664A7292670E7000D1422 /* LaunchScreen.storyboard in Resources */,
				B71664A4292670E7000D1422 /* Assets.xcassets in Resources */,
				B71664A2292670E6000D1422 /* Main.storyboard in Resources */,
			);
			runOnlyForDeploymentPostprocessing = 0;
		};
/* End PBXResourcesBuildPhase section */

/* Begin PBXSourcesBuildPhase section */
		B7166493292670E6000D1422 /* Sources */ = {
			isa = PBXSourcesBuildPhase;
			buildActionMask = 2147483647;
			files = (
				B71664CB29268437000D1422 /* ClubsViewModel.swift in Sources */,
				B716649F292670E6000D1422 /* MatchesVC.swift in Sources */,
				B71664B629267367000D1422 /* MatchesTableViewCell.swift in Sources */,
				B71664D429269A7C000D1422 /* FixturesTableViewCell.swift in Sources */,
				B716649B292670E6000D1422 /* AppDelegate.swift in Sources */,
				B71664D0292696C9000D1422 /* FixturesVC.swift in Sources */,
				B71664C7292682F2000D1422 /* ClubsModel.swift in Sources */,
				B71664BC29267510000D1422 /* MatchesModel.swift in Sources */,
				B71664C9292683ED000D1422 /* ClubsTableViewCell.swift in Sources */,
				B71664C1292677DA000D1422 /* UIViewController+Extensions.swift in Sources */,
				B71664BE29267623000D1422 /* MatchesViewModel.swift in Sources */,
				B71664B9292674DD000D1422 /* Webservice.swift in Sources */,
				B71664C4292681C7000D1422 /* ClubsViewController.swift in Sources */,
				B71664CD29268FB1000D1422 /* Array+Extension.swift in Sources */,
				B71664D22926978B000D1422 /* FixturesViewModel.swift in Sources */,
				B716649D292670E6000D1422 /* SceneDelegate.swift in Sources */,
			);
			runOnlyForDeploymentPostprocessing = 0;
		};
/* End PBXSourcesBuildPhase section */

/* Begin PBXVariantGroup section */
		B71664A0292670E6000D1422 /* Main.storyboard */ = {
			isa = PBXVariantGroup;
			children = (
				B71664A1292670E6000D1422 /* Base */,
			);
			name = Main.storyboard;
			sourceTree = "<group>";
		};
		B71664A5292670E7000D1422 /* LaunchScreen.storyboard */ = {
			isa = PBXVariantGroup;
			children = (
				B71664A6292670E7000D1422 /* Base */,
			);
			name = LaunchScreen.storyboard;
			sourceTree = "<group>";
		};
/* End PBXVariantGroup section */

/* Begin XCBuildConfiguration section */
		B71664A9292670E7000D1422 /* Debug */ = {
			isa = XCBuildConfiguration;
			buildSettings = {
				ALWAYS_SEARCH_USER_PATHS = NO;
				CLANG_ANALYZER_NONNULL = YES;
				CLANG_ANALYZER_NUMBER_OBJECT_CONVERSION = YES_AGGRESSIVE;
				CLANG_CXX_LANGUAGE_STANDARD = "gnu++20";
				CLANG_ENABLE_MODULES = YES;
				CLANG_ENABLE_OBJC_ARC = YES;
				CLANG_ENABLE_OBJC_WEAK = YES;
				CLANG_WARN_BLOCK_CAPTURE_AUTORELEASING = YES;
				CLANG_WARN_BOOL_CONVERSION = YES;
				CLANG_WARN_COMMA = YES;
				CLANG_WARN_CONSTANT_CONVERSION = YES;
				CLANG_WARN_DEPRECATED_OBJC_IMPLEMENTATIONS = YES;
				CLANG_WARN_DIRECT_OBJC_ISA_USAGE = YES_ERROR;
				CLANG_WARN_DOCUMENTATION_COMMENTS = YES;
				CLANG_WARN_EMPTY_BODY = YES;
				CLANG_WARN_ENUM_CONVERSION = YES;
				CLANG_WARN_INFINITE_RECURSION = YES;
				CLANG_WARN_INT_CONVERSION = YES;
				CLANG_WARN_NON_LITERAL_NULL_CONVERSION = YES;
				CLANG_WARN_OBJC_IMPLICIT_RETAIN_SELF = YES;
				CLANG_WARN_OBJC_LITERAL_CONVERSION = YES;
				CLANG_WARN_OBJC_ROOT_CLASS = YES_ERROR;
				CLANG_WARN_QUOTED_INCLUDE_IN_FRAMEWORK_HEADER = YES;
				CLANG_WARN_RANGE_LOOP_ANALYSIS = YES;
				CLANG_WARN_STRICT_PROTOTYPES = YES;
				CLANG_WARN_SUSPICIOUS_MOVE = YES;
				CLANG_WARN_UNGUARDED_AVAILABILITY = YES_AGGRESSIVE;
				CLANG_WARN_UNREACHABLE_CODE = YES;
				CLANG_WARN__DUPLICATE_METHOD_MATCH = YES;
				COPY_PHASE_STRIP = NO;
				DEBUG_INFORMATION_FORMAT = dwarf;
				ENABLE_STRICT_OBJC_MSGSEND = YES;
				ENABLE_TESTABILITY = YES;
				GCC_C_LANGUAGE_STANDARD = gnu11;
				GCC_DYNAMIC_NO_PIC = NO;
				GCC_NO_COMMON_BLOCKS = YES;
				GCC_OPTIMIZATION_LEVEL = 0;
				GCC_PREPROCESSOR_DEFINITIONS = (
					"DEBUG=1",
					"$(inherited)",
				);
				GCC_WARN_64_TO_32_BIT_CONVERSION = YES;
				GCC_WARN_ABOUT_RETURN_TYPE = YES_ERROR;
				GCC_WARN_UNDECLARED_SELECTOR = YES;
				GCC_WARN_UNINITIALIZED_AUTOS = YES_AGGRESSIVE;
				GCC_WARN_UNUSED_FUNCTION = YES;
				GCC_WARN_UNUSED_VARIABLE = YES;
				IPHONEOS_DEPLOYMENT_TARGET = 16.0;
				MTL_ENABLE_DEBUG_INFO = INCLUDE_SOURCE;
				MTL_FAST_MATH = YES;
				ONLY_ACTIVE_ARCH = YES;
				SDKROOT = iphoneos;
				SWIFT_ACTIVE_COMPILATION_CONDITIONS = DEBUG;
				SWIFT_OPTIMIZATION_LEVEL = "-Onone";
			};
			name = Debug;
		};
		B71664AA292670E7000D1422 /* Release */ = {
			isa = XCBuildConfiguration;
			buildSettings = {
				ALWAYS_SEARCH_USER_PATHS = NO;
				CLANG_ANALYZER_NONNULL = YES;
				CLANG_ANALYZER_NUMBER_OBJECT_CONVERSION = YES_AGGRESSIVE;
				CLANG_CXX_LANGUAGE_STANDARD = "gnu++20";
				CLANG_ENABLE_MODULES = YES;
				CLANG_ENABLE_OBJC_ARC = YES;
				CLANG_ENABLE_OBJC_WEAK = YES;
				CLANG_WARN_BLOCK_CAPTURE_AUTORELEASING = YES;
				CLANG_WARN_BOOL_CONVERSION = YES;
				CLANG_WARN_COMMA = YES;
				CLANG_WARN_CONSTANT_CONVERSION = YES;
				CLANG_WARN_DEPRECATED_OBJC_IMPLEMENTATIONS = YES;
				CLANG_WARN_DIRECT_OBJC_ISA_USAGE = YES_ERROR;
				CLANG_WARN_DOCUMENTATION_COMMENTS = YES;
				CLANG_WARN_EMPTY_BODY = YES;
				CLANG_WARN_ENUM_CONVERSION = YES;
				CLANG_WARN_INFINITE_RECURSION = YES;
				CLANG_WARN_INT_CONVERSION = YES;
				CLANG_WARN_NON_LITERAL_NULL_CONVERSION = YES;
				CLANG_WARN_OBJC_IMPLICIT_RETAIN_SELF = YES;
				CLANG_WARN_OBJC_LITERAL_CONVERSION = YES;
				CLANG_WARN_OBJC_ROOT_CLASS = YES_ERROR;
				CLANG_WARN_QUOTED_INCLUDE_IN_FRAMEWORK_HEADER = YES;
				CLANG_WARN_RANGE_LOOP_ANALYSIS = YES;
				CLANG_WARN_STRICT_PROTOTYPES = YES;
				CLANG_WARN_SUSPICIOUS_MOVE = YES;
				CLANG_WARN_UNGUARDED_AVAILABILITY = YES_AGGRESSIVE;
				CLANG_WARN_UNREACHABLE_CODE = YES;
				CLANG_WARN__DUPLICATE_METHOD_MATCH = YES;
				COPY_PHASE_STRIP = NO;
				DEBUG_INFORMATION_FORMAT = "dwarf-with-dsym";
				ENABLE_NS_ASSERTIONS = NO;
				ENABLE_STRICT_OBJC_MSGSEND = YES;
				GCC_C_LANGUAGE_STANDARD = gnu11;
				GCC_NO_COMMON_BLOCKS = YES;
				GCC_WARN_64_TO_32_BIT_CONVERSION = YES;
				GCC_WARN_ABOUT_RETURN_TYPE = YES_ERROR;
				GCC_WARN_UNDECLARED_SELECTOR = YES;
				GCC_WARN_UNINITIALIZED_AUTOS = YES_AGGRESSIVE;
				GCC_WARN_UNUSED_FUNCTION = YES;
				GCC_WARN_UNUSED_VARIABLE = YES;
				IPHONEOS_DEPLOYMENT_TARGET = 16.0;
				MTL_ENABLE_DEBUG_INFO = NO;
				MTL_FAST_MATH = YES;
				SDKROOT = iphoneos;
				SWIFT_COMPILATION_MODE = wholemodule;
				SWIFT_OPTIMIZATION_LEVEL = "-O";
				VALIDATE_PRODUCT = YES;
			};
			name = Release;
		};
		B71664AC292670E7000D1422 /* Debug */ = {
			isa = XCBuildConfiguration;
			buildSettings = {
				ASSETCATALOG_COMPILER_APPICON_NAME = AppIcon;
				ASSETCATALOG_COMPILER_GLOBAL_ACCENT_COLOR_NAME = AccentColor;
				CODE_SIGN_STYLE = Automatic;
				CURRENT_PROJECT_VERSION = 1;
				DEVELOPMENT_TEAM = LU8UCW6QPA;
				GENERATE_INFOPLIST_FILE = YES;
				INFOPLIST_FILE = SuperLigApp/Info.plist;
				INFOPLIST_KEY_UIApplicationSupportsIndirectInputEvents = YES;
				INFOPLIST_KEY_UILaunchStoryboardName = LaunchScreen;
				INFOPLIST_KEY_UIMainStoryboardFile = Main;
				INFOPLIST_KEY_UISupportedInterfaceOrientations_iPad = "UIInterfaceOrientationPortrait UIInterfaceOrientationPortraitUpsideDown UIInterfaceOrientationLandscapeLeft UIInterfaceOrientationLandscapeRight";
				INFOPLIST_KEY_UISupportedInterfaceOrientations_iPhone = "UIInterfaceOrientationPortrait UIInterfaceOrientationLandscapeLeft UIInterfaceOrientationLandscapeRight";
				LD_RUNPATH_SEARCH_PATHS = (
					"$(inherited)",
					"@executable_path/Frameworks",
				);
				MARKETING_VERSION = 1.0;
				PRODUCT_BUNDLE_IDENTIFIER = com.hakanadanur.SuperLigApp;
				PRODUCT_NAME = "$(TARGET_NAME)";
				SWIFT_EMIT_LOC_STRINGS = YES;
				SWIFT_VERSION = 5.0;
				TARGETED_DEVICE_FAMILY = "1,2";
			};
			name = Debug;
		};
		B71664AD292670E7000D1422 /* Release */ = {
			isa = XCBuildConfiguration;
			buildSettings = {
				ASSETCATALOG_COMPILER_APPICON_NAME = AppIcon;
				ASSETCATALOG_COMPILER_GLOBAL_ACCENT_COLOR_NAME = AccentColor;
				CODE_SIGN_STYLE = Automatic;
				CURRENT_PROJECT_VERSION = 1;
				DEVELOPMENT_TEAM = LU8UCW6QPA;
				GENERATE_INFOPLIST_FILE = YES;
				INFOPLIST_FILE = SuperLigApp/Info.plist;
				INFOPLIST_KEY_UIApplicationSupportsIndirectInputEvents = YES;
				INFOPLIST_KEY_UILaunchStoryboardName = LaunchScreen;
				INFOPLIST_KEY_UIMainStoryboardFile = Main;
				INFOPLIST_KEY_UISupportedInterfaceOrientations_iPad = "UIInterfaceOrientationPortrait UIInterfaceOrientationPortraitUpsideDown UIInterfaceOrientationLandscapeLeft UIInterfaceOrientationLandscapeRight";
				INFOPLIST_KEY_UISupportedInterfaceOrientations_iPhone = "UIInterfaceOrientationPortrait UIInterfaceOrientationLandscapeLeft UIInterfaceOrientationLandscapeRight";
				LD_RUNPATH_SEARCH_PATHS = (
					"$(inherited)",
					"@executable_path/Frameworks",
				);
				MARKETING_VERSION = 1.0;
				PRODUCT_BUNDLE_IDENTIFIER = com.hakanadanur.SuperLigApp;
				PRODUCT_NAME = "$(TARGET_NAME)";
				SWIFT_EMIT_LOC_STRINGS = YES;
				SWIFT_VERSION = 5.0;
				TARGETED_DEVICE_FAMILY = "1,2";
			};
			name = Release;
		};
/* End XCBuildConfiguration section */

/* Begin XCConfigurationList section */
		B7166492292670E6000D1422 /* Build configuration list for PBXProject "SuperLigApp" */ = {
			isa = XCConfigurationList;
			buildConfigurations = (
				B71664A9292670E7000D1422 /* Debug */,
				B71664AA292670E7000D1422 /* Release */,
			);
			defaultConfigurationIsVisible = 0;
			defaultConfigurationName = Release;
		};
		B71664AB292670E7000D1422 /* Build configuration list for PBXNativeTarget "SuperLigApp" */ = {
			isa = XCConfigurationList;
			buildConfigurations = (
				B71664AC292670E7000D1422 /* Debug */,
				B71664AD292670E7000D1422 /* Release */,
			);
			defaultConfigurationIsVisible = 0;
			defaultConfigurationName = Release;
		};
/* End XCConfigurationList section */
	};
	rootObject = B716648F292670E6000D1422 /* Project object */;
}
